
Microsoft Visual Studio Solution File, Format Version 12.00
# Visual Studio Version 17
VisualStudioVersion = 17.2.32616.157
MinimumVisualStudioVersion = 10.0.40219.1
Project("{FAE04EC0-301F-11D3-BF4B-00C04F79EFBC}") = "1006", "1006\1006.csproj", "{B0F4ECCF-AE17-4472-B9D1-CAE1EBFDAF9A}"
EndProject
Global
	GlobalSection(SolutionConfigurationPlatforms) = preSolution
		Debug|Any CPU = Debug|Any CPU
		Release|Any CPU = Release|Any CPU
	EndGlobalSection
	GlobalSection(ProjectConfigurationPlatforms) = postSolution
		{B0F4ECCF-AE17-4472-B9D1-CAE1EBFDAF9A}.Debug|Any CPU.ActiveCfg = Debug|Any CPU
		{B0F4ECCF-AE17-4472-B9D1-CAE1EBFDAF9A}.Debug|Any CPU.Build.0 = Debug|Any CPU
		{B0F4ECCF-AE17-4472-B9D1-CAE1EBFDAF9A}.Release|Any CPU.ActiveCfg = Release|Any CPU
		{B0F4ECCF-AE17-4472-B9D1-CAE1EBFDAF9A}.Release|Any CPU.Build.0 = Release|Any CPU
	EndGlobalSection
	GlobalSection(SolutionProperties) = preSolution
		HideSolutionNode = FALSE
	EndGlobalSection
	GlobalSection(ExtensibilityGlobals) = postSolution
		SolutionGuid = {E69C6DB1-122B-43C1-B883-B9114217DC5F}
	EndGlobalSection
EndGlobal
